
Microsoft Visual Studio Solution File, Format Version 12.00
# Visual Studio Version 17
VisualStudioVersion = 17.1.32328.378
MinimumVisualStudioVersion = 10.0.40219.1
Project("{6EC3EE1D-3C4E-46DD-8F32-0CC8E7565705}") = "FsTsetlin", "FsTsetlin\FsTsetlin.fsproj", "{5A9E178A-9834-49FC-B1B6-F74C0D101E96}"
EndProject
Project("{6EC3EE1D-3C4E-46DD-8F32-0CC8E7565705}") = "FsTsetlinTest", "FsTsetlinTest\FsTsetlinTest.fsproj", "{D6D7D93B-2ADD-491A-ACA6-40545BFB29EA}"
EndProject
Project("{6EC3EE1D-3C4E-46DD-8F32-0CC8E7565705}") = "FsTestlinDebug", "FsTestlinDebug\FsTestlinDebug.fsproj", "{A2E9B884-CA24-4B08-AC8D-CFFBDD0F4C2F}"
EndProject
Project("{2150E333-8FDC-42A3-9474-1A3956D46DE8}") = "Solution Items", "Solution Items", "{0996436A-6D62-4B4B-9274-4FAE4852D023}"
	ProjectSection(SolutionItems) = preProject
		LICENSE = LICENSE
		readme.md = readme.md
	EndProjectSection
EndProject
Global
	GlobalSection(SolutionConfigurationPlatforms) = preSolution
		Debug|Any CPU = Debug|Any CPU
		Release|Any CPU = Release|Any CPU
	EndGlobalSection
	GlobalSection(ProjectConfigurationPlatforms) = postSolution
		{5A9E178A-9834-49FC-B1B6-F74C0D101E96}.Debug|Any CPU.ActiveCfg = Debug|Any CPU
		{5A9E178A-9834-49FC-B1B6-F74C0D101E96}.Debug|Any CPU.Build.0 = Debug|Any CPU
		{5A9E178A-9834-49FC-B1B6-F74C0D101E96}.Release|Any CPU.ActiveCfg = Release|Any CPU
		{5A9E178A-9834-49FC-B1B6-F74C0D101E96}.Release|Any CPU.Build.0 = Release|Any CPU
		{D6D7D93B-2ADD-491A-ACA6-40545BFB29EA}.Debug|Any CPU.ActiveCfg = Debug|Any CPU
		{D6D7D93B-2ADD-491A-ACA6-40545BFB29EA}.Debug|Any CPU.Build.0 = Debug|Any CPU
		{D6D7D93B-2ADD-491A-ACA6-40545BFB29EA}.Release|Any CPU.ActiveCfg = Release|Any CPU
		{D6D7D93B-2ADD-491A-ACA6-40545BFB29EA}.Release|Any CPU.Build.0 = Release|Any CPU
		{A2E9B884-CA24-4B08-AC8D-CFFBDD0F4C2F}.Debug|Any CPU.ActiveCfg = Debug|Any CPU
		{A2E9B884-CA24-4B08-AC8D-CFFBDD0F4C2F}.Debug|Any CPU.Build.0 = Debug|Any CPU
		{A2E9B884-CA24-4B08-AC8D-CFFBDD0F4C2F}.Release|Any CPU.ActiveCfg = Release|Any CPU
		{A2E9B884-CA24-4B08-AC8D-CFFBDD0F4C2F}.Release|Any CPU.Build.0 = Release|Any CPU
	EndGlobalSection
	GlobalSection(SolutionProperties) = preSolution
		HideSolutionNode = FALSE
	EndGlobalSection
	GlobalSection(ExtensibilityGlobals) = postSolution
		SolutionGuid = {9CBB7E06-8E8D-460E-AC62-380041A8A525}
	EndGlobalSection
EndGlobal
