
Microsoft Visual Studio Solution File, Format Version 12.00
# Visual Studio Version 17
VisualStudioVersion = 17.1.32328.378
MinimumVisualStudioVersion = 10.0.40219.1
Project("{F2A71F9B-5D33-465A-A702-920D77279786}") = "tsetlin", "tsetlin\tsetlin.fsproj", "{5A9E178A-9834-49FC-B1B6-F74C0D101E96}"
EndProject
Global
	GlobalSection(SolutionConfigurationPlatforms) = preSolution
		Debug|Any CPU = Debug|Any CPU
		Release|Any CPU = Release|Any CPU
	EndGlobalSection
	GlobalSection(ProjectConfigurationPlatforms) = postSolution
		{5A9E178A-9834-49FC-B1B6-F74C0D101E96}.Debug|Any CPU.ActiveCfg = Debug|Any CPU
		{5A9E178A-9834-49FC-B1B6-F74C0D101E96}.Debug|Any CPU.Build.0 = Debug|Any CPU
		{5A9E178A-9834-49FC-B1B6-F74C0D101E96}.Release|Any CPU.ActiveCfg = Release|Any CPU
		{5A9E178A-9834-49FC-B1B6-F74C0D101E96}.Release|Any CPU.Build.0 = Release|Any CPU
	EndGlobalSection
	GlobalSection(SolutionProperties) = preSolution
		HideSolutionNode = FALSE
	EndGlobalSection
	GlobalSection(ExtensibilityGlobals) = postSolution
		SolutionGuid = {9CBB7E06-8E8D-460E-AC62-380041A8A525}
	EndGlobalSection
EndGlobal
